
Microsoft Visual Studio Solution File, Format Version 12.00
# Visual Studio Version 16
VisualStudioVersion = 16.0.31702.278
MinimumVisualStudioVersion = 10.0.40219.1
Project("{FAE04EC0-301F-11D3-BF4B-00C04F79EFBC}") = "L5_RAMS_1018822", "L5_RAMS_1018822.csproj", "{44ADD53F-E2AC-4F29-A2DE-608E533F018E}"
EndProject
Global
	GlobalSection(SolutionConfigurationPlatforms) = preSolution
		Debug|Any CPU = Debug|Any CPU
		Release|Any CPU = Release|Any CPU
	EndGlobalSection
	GlobalSection(ProjectConfigurationPlatforms) = postSolution
		{44ADD53F-E2AC-4F29-A2DE-608E533F018E}.Debug|Any CPU.ActiveCfg = Debug|Any CPU
		{44ADD53F-E2AC-4F29-A2DE-608E533F018E}.Debug|Any CPU.Build.0 = Debug|Any CPU
		{44ADD53F-E2AC-4F29-A2DE-608E533F018E}.Release|Any CPU.ActiveCfg = Release|Any CPU
		{44ADD53F-E2AC-4F29-A2DE-608E533F018E}.Release|Any CPU.Build.0 = Release|Any CPU
	EndGlobalSection
	GlobalSection(SolutionProperties) = preSolution
		HideSolutionNode = FALSE
	EndGlobalSection
	GlobalSection(ExtensibilityGlobals) = postSolution
		SolutionGuid = {0CB467C8-E809-4497-A473-DC8C5127A766}
	EndGlobalSection
EndGlobal
